Microsoft Visual Studio Solution File, Format Version 11.00
# Visual Studio 2008

Project("{987BCAB0-1B92-9EB2-C078-77B224215C92}") = "beta", "Assembly-CSharp-firstpass.csproj", "{2EC2B42E-54E2-071B-3B68-80E2C8CF13CF}"
EndProject
Project("{987BCAB0-1B92-9EB2-C078-77B224215C92}") = "beta", "Assembly-CSharp.csproj", "{70063E49-5F3B-3855-BBDF-26E535F76079}"
EndProject
Project("{987BCAB0-1B92-9EB2-C078-77B224215C92}") = "beta", "Assembly-CSharp-Editor.csproj", "{01AE29EA-D11F-E103-1878-41E8A4CD4F77}"
EndProject
Global
	GlobalSection(SolutionConfigurationPlatforms) = preSolution
		Debug|Any CPU = Debug|Any CPU
		Release|Any CPU = Release|Any CPU
	EndGlobalSection
	GlobalSection(ProjectConfigurationPlatforms) = postSolution
		{2EC2B42E-54E2-071B-3B68-80E2C8CF13CF}.Debug|Any CPU.ActiveCfg = Debug|Any CPU
		{2EC2B42E-54E2-071B-3B68-80E2C8CF13CF}.Debug|Any CPU.Build.0 = Debug|Any CPU
		{2EC2B42E-54E2-071B-3B68-80E2C8CF13CF}.Release|Any CPU.ActiveCfg = Release|Any CPU
		{2EC2B42E-54E2-071B-3B68-80E2C8CF13CF}.Release|Any CPU.Build.0 = Release|Any CPU
		{70063E49-5F3B-3855-BBDF-26E535F76079}.Debug|Any CPU.ActiveCfg = Debug|Any CPU
		{70063E49-5F3B-3855-BBDF-26E535F76079}.Debug|Any CPU.Build.0 = Debug|Any CPU
		{70063E49-5F3B-3855-BBDF-26E535F76079}.Release|Any CPU.ActiveCfg = Release|Any CPU
		{70063E49-5F3B-3855-BBDF-26E535F76079}.Release|Any CPU.Build.0 = Release|Any CPU
		{01AE29EA-D11F-E103-1878-41E8A4CD4F77}.Debug|Any CPU.ActiveCfg = Debug|Any CPU
		{01AE29EA-D11F-E103-1878-41E8A4CD4F77}.Debug|Any CPU.Build.0 = Debug|Any CPU
		{01AE29EA-D11F-E103-1878-41E8A4CD4F77}.Release|Any CPU.ActiveCfg = Release|Any CPU
		{01AE29EA-D11F-E103-1878-41E8A4CD4F77}.Release|Any CPU.Build.0 = Release|Any CPU
	EndGlobalSection
	GlobalSection(SolutionProperties) = preSolution
		HideSolutionNode = FALSE
	EndGlobalSection
																																																																																										GlobalSection(MonoDevelopProperties) = preSolution
		StartupItem = Assembly-CSharp.csproj
		Policies = $0
		$0.TextStylePolicy = $1
		$1.FileWidth = 120
		$1.TabsToSpaces = False
		$1.EolMarker = Unix
		$1.inheritsSet = VisualStudio
		$1.inheritsScope = text/plain
		$1.scope = text/x-csharp
		$0.CSharpFormattingPolicy = $2
		$2.inheritsSet = Mono
		$2.inheritsScope = text/x-csharp
		$2.scope = text/x-csharp
		$0.TextStylePolicy = $3
		$3.FileWidth = 120
		$3.TabsToSpaces = False
		$3.EolMarker = Unix
		$3.inheritsSet = VisualStudio
		$3.inheritsScope = text/plain
		$3.scope = text/plain
		$0.TextStylePolicy = $4
		$4.inheritsSet = null
		$4.scope = application/xml
		$0.XmlFormattingPolicy = $5
		$5.inheritsSet = Mono
		$5.inheritsScope = application/xml
		$5.scope = application/xml
		$0.TextStylePolicy = $6
		$6.inheritsSet = null
		$6.scope = text/x-shader
		$0.TextStylePolicy = $7
		$7.inheritsSet = null
		$7.scope = text/x-unitytxt
		$0.VersionControlPolicy = $8
		$8.inheritsSet = Mono
		$0.ChangeLogPolicy = $9
		$9.UpdateMode = None
		$9.MessageStyle = $10
		$10.LineAlign = 0
		$9.inheritsSet = Mono
	EndGlobalSection

EndGlobal
