Microsoft Visual Studio Solution File, Format Version 11.00
# Visual Studio 2008

Project("{B3A220F0-1EA7-815E-F0A9-AA3A630ADABA}") = "ZooRush-beta", "Assembly-CSharp-firstpass-vs.csproj", "{A9CAB5AD-BA4B-CEC0-86C6-C6CFF7283C5B}"
EndProject
Project("{B3A220F0-1EA7-815E-F0A9-AA3A630ADABA}") = "ZooRush-beta", "Assembly-CSharp-vs.csproj", "{CD2CD03F-B8A6-3D23-B1B8-72D94D28CFE1}"
EndProject
Project("{B3A220F0-1EA7-815E-F0A9-AA3A630ADABA}") = "ZooRush-beta", "Assembly-CSharp-Editor-vs.csproj", "{287EE936-780C-9612-3D1C-5D2A81DDF2B3}"
EndProject
Global
	GlobalSection(SolutionConfigurationPlatforms) = preSolution
		Debug|Any CPU = Debug|Any CPU
		Release|Any CPU = Release|Any CPU
	EndGlobalSection
	GlobalSection(ProjectConfigurationPlatforms) = postSolution
		{A9CAB5AD-BA4B-CEC0-86C6-C6CFF7283C5B}.Debug|Any CPU.ActiveCfg = Debug|Any CPU
		{A9CAB5AD-BA4B-CEC0-86C6-C6CFF7283C5B}.Debug|Any CPU.Build.0 = Debug|Any CPU
		{A9CAB5AD-BA4B-CEC0-86C6-C6CFF7283C5B}.Release|Any CPU.ActiveCfg = Release|Any CPU
		{A9CAB5AD-BA4B-CEC0-86C6-C6CFF7283C5B}.Release|Any CPU.Build.0 = Release|Any CPU
		{CD2CD03F-B8A6-3D23-B1B8-72D94D28CFE1}.Debug|Any CPU.ActiveCfg = Debug|Any CPU
		{CD2CD03F-B8A6-3D23-B1B8-72D94D28CFE1}.Debug|Any CPU.Build.0 = Debug|Any CPU
		{CD2CD03F-B8A6-3D23-B1B8-72D94D28CFE1}.Release|Any CPU.ActiveCfg = Release|Any CPU
		{CD2CD03F-B8A6-3D23-B1B8-72D94D28CFE1}.Release|Any CPU.Build.0 = Release|Any CPU
		{287EE936-780C-9612-3D1C-5D2A81DDF2B3}.Debug|Any CPU.ActiveCfg = Debug|Any CPU
		{287EE936-780C-9612-3D1C-5D2A81DDF2B3}.Debug|Any CPU.Build.0 = Debug|Any CPU
		{287EE936-780C-9612-3D1C-5D2A81DDF2B3}.Release|Any CPU.ActiveCfg = Release|Any CPU
		{287EE936-780C-9612-3D1C-5D2A81DDF2B3}.Release|Any CPU.Build.0 = Release|Any CPU
	EndGlobalSection
	GlobalSection(SolutionProperties) = preSolution
		HideSolutionNode = FALSE
	EndGlobalSection
																												GlobalSection(MonoDevelopProperties) = preSolution
		StartupItem = Assembly-CSharp.csproj
		Policies = $0
		$0.TextStylePolicy = $1
		$1.inheritsSet = null
		$1.scope = text/x-csharp
		$0.CSharpFormattingPolicy = $2
		$2.inheritsSet = Mono
		$2.inheritsScope = text/x-csharp
		$2.scope = text/x-csharp
		$0.TextStylePolicy = $3
		$3.FileWidth = 120
		$3.TabWidth = 4
		$3.EolMarker = Unix
		$3.inheritsSet = Mono
		$3.inheritsScope = text/plain
		$3.scope = text/plain
	EndGlobalSection

EndGlobal
